github.com/RoaringBitmap/roaring v1.3.0 h1:aQmu9zQxDU0uhwR8SXOH/OrqEf+X8A0LQmwW3JX8Lcg=
github.com/RoaringBitmap/roaring v1.3.0/go.mod h1:plvDsJQpxOC5bw8LRteu/MLWHsHez/3y6cubLI4/1yE=
github.com/abhinav/goldmark-mermaid v0.2.1 h1:ukG8paSz5KwiPk+lTVOFn1nPYn895PdyaRm8RIuGvTc=
github.com/abhinav/goldmark-mermaid v0.2.1/go.mod h1:/p7ik8rFmqBAz5ahPisRTG4/ZG0L9kd3zxxRI2BkTNU=
github.com/abhinav/goldmark-toc v0.2.1 h1:QJsKKGbdVeCWYMB11hSkNuZLuIzls7Y4KBZfwTkBB90=
github.com/abhinav/goldmark-toc v0.2.1/go.mod h1:aq1IZ9qN85uFYpowec98iJrFkEHYT4oeFD1SC0qd8d0=
github.com/alecthomas/chroma v0.10.0 h1:7XDcGkCQopCNKjZHfYrNLraA+M7e0fMiJ/Mfikbfjek=
github.com/alecthomas/chroma v0.10.0/go.mod h1:jtJATyUxlIORhUOFNA9NZDWGAQ8wpxQQqNSB4rjA/1s=
github.com/bits-and-blooms/bitset v1.2.0/go.mod h1:gIdJ4wp64HaoK2YrL1Q5/N7Y16edYb8uY+O0FJTyyDA=
github.com/bits-and-blooms/bitset v1.8.0 h1:FD+XqgOZDUxxZ8hzoBFuV9+cGWY9CslN6d5MS5JVb4c=
github.com/bits-and-blooms/bitset v1.8.0/go.mod h1:7hO7Gc7Pp1vODcmWvKMRA9BNmbv6a/7QIWpPxHddWR8=
github.com/blevesearch/bleve/v2 v2.3.8 h1:IqFyMJ73n4gY8AmVqM8Sa6EtAZ5beE8yramVqCvs2kQ=
github.com/blevesearch/bleve/v2 v2.3.8/go.mod h1:Lh9aZEHrLKxwPnW4z4lsBEGnflZQ1V/aWP/t+htsiDw=
github.com/blevesearch/bleve_index_api v1.0.5 h1:Lc986kpC4Z0/n1g3gg8ul7H+lxgOQPcXb9SxvQGu+tw=
github.com/blevesearch/bleve_index_api v1.0.5/go.mod h1:YXMDwaXFFXwncRS8UobWs7nvo0DmusriM1nztTlj1ms=
github.com/blevesearch/geo v0.1.17 h1:AguzI6/5mHXapzB0gE9IKWo+wWPHZmXZoscHcjFgAFA=
github.com/blevesearch/geo v0.1.17/go.mod h1:uRMGWG0HJYfWfFJpK3zTdnnr1K+ksZTuWKhXeSokfnM=
github.com/blevesearch/go-porterstemmer v1.0.3 h1:GtmsqID0aZdCSNiY8SkuPJ12pD4jI+DdXTAn4YRcHCo=
github.com/blevesearch/go-porterstemmer v1.0.3/go.mod h1:angGc5Ht+k2xhJdZi511LtmxuEf0OVpvUUNrwmM1P7M=
github.com/blevesearch/gtreap v0.1.1 h1:2JWigFrzDMR+42WGIN/V2p0cUvn4UP3C4Q5nmaZGW8Y=
github.com/blevesearch/gtreap v0.1.1/go.mod h1:QaQyDRAT51sotthUWAH4Sj08awFSSWzgYICSZ3w0tYk=
github.com/blevesearch/mmap-go v1.0.4 h1:OVhDhT5B/M1HNPpYPBKIEJaD0F3Si+CrEKULGCDPWmc=
github.com/blevesearch/mmap-go v1.0.4/go.mod h1:EWmEAOmdAS9z/pi/+Toxu99DnsbhG1TIxUoRmJw/pSs=
github.com/blevesearch/scorch_segment_api/v2 v2.1.5 h1:1g713kpCQZ8u4a3stRGBfrwVOuGRnmxOVU5MQkUPrHU=
github.com/blevesearch/scorch_segment_api/v2 v2.1.5/go.mod h1:f2nOkKS1HcjgIWZgDAErgBdxmr2eyt0Kn7IY+FU1Xe4=
github.com/blevesearch/segment v0.9.1 h1:+dThDy+Lvgj5JMxhmOVlgFfkUtZV2kw49xax4+jTfSU=
github.com/blevesearch/segment v0.9.1/go.mod h1:zN21iLm7+GnBHWTao9I+Au/7MBiL8pPFtJBJTsk6kQw=
github.com/blevesearch/snowballstem v0.9.0 h1:lMQ189YspGP6sXvZQ4WZ+MLawfV8wOmPoD/iWeNXm8s=
github.com/blevesearch/snowballstem v0.9.0/go.mod h1:PivSj3JMc8WuaFkTSRDW2SlrulNWPl4ABg1tC/hlgLs=
github.com/blevesearch/upsidedown_store_api v1.0.2 h1:U53Q6YoWEARVLd1OYNc9kvhBMGZzVrdmaozG2MfoB+A=
github.com/blevesearch/upsidedown_store_api v1.0.2/go.mod h1:M01mh3Gpfy56Ps/UXHjEO/knbqyQ1Oamg8If49gRwrQ=
github.com/blevesearch/vellum v1.0.9 h1:PL+NWVk3dDGPCV0hoDu9XLLJgqU4E5s/dOeEJByQ2uQ=
github.com/blevesearch/vellum v1.0.9/go.mod h1:ul1oT0FhSMDIExNjIxHqJoGpVrBpKCdgDQNxfqgJt7k=
github.com/blevesearch/zapx/v11 v11.3.8 h1:bhJyuzkHjVCXegv9/nwXEWJf/NGvApL/N2aBM7jlZrQ=
github.com/blevesearch/zapx/v11 v11.3.8/go.mod h1:W/dwGRt6/Fik7aEdSymBHknA+CLhj/VFHDfOnbfT0xE=
github.com/blevesearch/zapx/v12 v12.3.8 h1:2iOBdzwlrvYx2CHh0hRtYni/uyBjwRj+5rgUQ0vHXho=
github.com/blevesearch/zapx/v12 v12.3.8/go.mod h1:04059x924iuaWsuLFNvKx/JV76aRAgTqDuygzKKRBfU=
github.com/blevesearch/zapx/v13 v13.3.8 h1:xqsFb+EZajPRMiuk4vItuSaIOtux0p7MWTtxvsG0EUo=
github.com/blevesearch/zapx/v13 v13.3.8/go.mod h1:t4lMpGlRiUmC5pLKKgICF7sJcVtD7fF7zhXeBVNFFBs=
github.com/blevesearch/zapx/v14 v14.3.8 h1:HXGGdVZQGG9qOfvj5Ihcm0JJIvUdkI3it2OT46Lx8qo=
github.com/blevesearch/zapx/v14 v14.3.8/go.mod h1:vS6exLagv0vXmgpUbNRZC6UuEV0xwTfCmgaWgjLmf/U=
github.com/blevesearch/zapx/v15 v15.3.11 h1:dstyZki9s10FNLsW4LpEvPQ+fmM3nX15h4wKfcBwnEg=
github.com/blevesearch/zapx/v15 v15.3.11/go.mod h1:hiYbBDf5/Ud/Eji0faUmMTOyeOjcl8q1vWGgRe7+bIQ=
github.com/davecgh/go-spew v1.1.0/go.mod h1:J7Y8YcW2NihsgmVo/mv3lAwl/skON4iLHjSsI+c5H38=
github.com/davecgh/go-spew v1.1.1 h1:vj9j/u1bqnvCEfJOwUhtlOARqs3+rkHYY13jYWTU97c=
github.com/davecgh/go-spew v1.1.1/go.mod h1:J7Y8YcW2NihsgmVo/mv3lAwl/skON4iLHjSsI+c5H38=
github.com/dlclark/regexp2 v1.4.0/go.mod h1:2pZnwuY/m+8K6iRw6wQdMtk+rH5tNGR1i55kozfMjCc=
github.com/dlclark/regexp2 v1.10.0 h1:+/GIL799phkJqYW+3YbOd8LCcbHzT0Pbo8zl70MHsq0=
github.com/dlclark/regexp2 v1.10.0/go.mod h1:DHkYz0B9wPfa6wondMfaivmHpzrQ3v9q8cnmRbL6yW8=
github.com/golang/geo v0.0.0-20230421003525-6adc56603217 h1:HKlyj6in2JV6wVkmQ4XmG/EIm+SCYlPZ+V4GWit7Z+I=
github.com/golang/geo v0.0.0-20230421003525-6adc56603217/go.mod h1:8wI0hitZ3a1IxZfeH3/5I97CI8i5cLGsYe7xNhQGs9U=
github.com/golang/protobuf v1.5.0/go.mod h1:FsONVRAS9T7sI+LIUmWTfcYkHO4aIWwzhcaSAoJOfIk=
github.com/golang/protobuf v1.5.3 h1:KhyjKVUg7Usr/dYsdSqoFveMYd5ko72D+zANwlG1mmg=
github.com/golang/protobuf v1.5.3/go.mod h1:XVQd3VNwM+JqD3oG2Ue2ip4fOMUkwXdXDdiuN0vRsmY=
github.com/golang/snappy v0.0.4 h1:yAGX7huGHXlcLOEtBnF4w7FQwA26wojNCwOYAEhLjQM=
github.com/golang/snappy v0.0.4/go.mod h1:/XxbfmMg8lxefKM7IXC3fBNl/7bRcc72aCRzEWrmP2Q=
github.com/google/go-cmp v0.5.5/go.mod h1:v8dTdLbMG2kIc/vJvl+f65V22dbkXbowE6jgT/gNBxE=
github.com/google/go-cmp v0.5.8 h1:e6P7q2lk1O+qJJb4BtCQXlK8vWEO8V1ZeuEdJNOqZyg=
github.com/google/go-cmp v0.5.8/go.mod h1:17dUlkBOakJ0+DkrSSNjCkIjxS6bF9zb3elmeNGIjoY=
github.com/google/gofuzz v1.0.0/go.mod h1:dBl0BpW6vV/+mYPU4Po3pmUjxk6FQPldtuIdl/M65Eg=
github.com/json-iterator/go v1.1.12 h1:PV8peI4a0ysnczrg+LtxykD8LfKY9ML6u2jnxaEnrnM=
github.com/json-iterator/go v1.1.12/go.mod h1:e30LSqwooZae/UwlEbR2852Gd8hjQvJoHmT4TnhNGBo=
github.com/litao91/goldmark-mathjax v0.0.0-20210217064022-a43cf739a50f h1:plCPYXRXDCO57qjqegCzaVf1t6aSbgCMD+zfz18POfs=
github.com/litao91/goldmark-mathjax v0.0.0-20210217064022-a43cf739a50f/go.mod h1:leg+HM7jUS84JYuY120zmU68R6+UeU6uZ/KAW7cViKE=
github.com/modern-go/concurrent v0.0.0-20180228061459-e0a39a4cb421/go.mod h1:6dJC0mAP4ikYIbvyc7fijjWJddQyLn8Ig3JB5CqoB9Q=
github.com/modern-go/concurrent v0.0.0-20180306012644-bacd9c7ef1dd h1:TRLaZ9cD/w8PVh93nsPXa1VrQ6jlwL5oN8l14QlcNfg=
github.com/modern-go/concurrent v0.0.0-20180306012644-bacd9c7ef1dd/go.mod h1:6dJC0mAP4ikYIbvyc7fijjWJddQyLn8Ig3JB5CqoB9Q=
github.com/modern-go/reflect2 v1.0.2 h1:xBagoLtFs94CBntxluKeaWgTMpvLxC4ur3nMaC9Gz0M=
github.com/modern-go/reflect2 v1.0.2/go.mod h1:yWuevngMOJpCy52FWWMvUC8ws7m/LJsjYzDa0/r8luk=
github.com/mschoch/smat v0.2.0 h1:8imxQsjDm8yFEAVBe7azKmKSgzSkZXDuKkSq9374khM=
github.com/mschoch/smat v0.2.0/go.mod h1:kc9mz7DoBKqDyiRL7VZN8KvXQMWeTaVnttLRXOlotKw=
github.com/pmezard/go-difflib v1.0.0 h1:4DBwDE0NGyQoBHbLQYPwSUPoCMWR5BEzIk/f1lZbAQM=
github.com/pmezard/go-difflib v1.0.0/go.mod h1:iKH77koFhYxTK1pcRnkKkqfTogsbg7gZNVY4sRDYZ/4=
github.com/stefanfritsch/goldmark-admonitions v1.1.1 h1:SncsICdQrIYYaq02Ta+zyc9gNmMfYqQH2qwLSCJYxA4=
github.com/stefanfritsch/goldmark-admonitions v1.1.1/go.mod h1:cOZK5O0gE6eWfpxTdjGUmeONW2IL9j3Zujv3KlZWlLo=
github.com/stefanfritsch/goldmark-fences v0.0.0-20221024201544-8226cd5bca69/go.mod h1:E1+61QCnYA1Kd4cDIzLxDuKe62PT3G0d2/8MLFK+yCY=
github.com/stefanfritsch/goldmark-fences v1.0.0 h1:cAL9eFJx5AfODfzURJg/R4M0TdynZb4azpGtXebywCI=
github.com/stefanfritsch/goldmark-fences v1.0.0/go.mod h1:afDcGjekNr4uEUtTuDNmU+yPElZkv0bF2ASp+KoYsDk=
github.com/stefanfritsch/goldmark-toc v0.0.0-20221103113815-22bc96540825 h1:KmvSro2lJpLSs98y14Ef4OUbMooIUqDahO2NYF6wHvQ=
github.com/stefanfritsch/goldmark-toc v0.0.0-20221103113815-22bc96540825/go.mod h1:a59Ls1t1JJVntUAuhqc801t9cBrb8gtwFXrC7FvFmLY=
github.com/stretchr/objx v0.1.0/go.mod h1:HFkY916IF+rwdDfMAkV7OtwuqBVzrE8GR6GFx+wExME=
github.com/stretchr/objx v0.4.0/go.mod h1:YvHI0jy2hoMjB+UWwv71VJQ9isScKT/TqJzVSSt89Yw=
github.com/stretchr/objx v0.5.0/go.mod h1:Yh+to48EsGEfYuaHDzXPcE3xhTkx73EhmCGUpEOglKo=
github.com/stretchr/testify v1.3.0/go.mod h1:M5WIy9Dh21IEIfnGCwXGc5bZfKNJtfHm1UVUgZn+9EI=
github.com/stretchr/testify v1.6.1/go.mod h1:6Fq8oRcR53rry900zMqJjRRixrwX3KX962/h/Wwjteg=
github.com/stretchr/testify v1.7.0/go.mod h1:6Fq8oRcR53rry900zMqJjRRixrwX3KX962/h/Wwjteg=
github.com/stretchr/testify v1.7.1/go.mod h1:6Fq8oRcR53rry900zMqJjRRixrwX3KX962/h/Wwjteg=
github.com/stretchr/testify v1.8.0/go.mod h1:yNjHg4UonilssWZ8iaSj1OCr/vHnekPRkoO+kdMU+MU=
github.com/stretchr/testify v1.8.1/go.mod h1:w2LPCIKwWwSfY2zedu0+kehJoqGctiVI29o6fzry7u4=
github.com/stretchr/testify v1.8.4 h1:CcVxjf3Q8PM0mHUKJCdn+eZZtm5yQwehR5yeSVQQcUk=
github.com/stretchr/testify v1.8.4/go.mod h1:sz/lmYIOXD/1dqDmKjjqLyZ2RngseejIcXlSw2iwfAo=
github.com/yuin/goldmark v1.2.1/go.mod h1:3hX8gzYuyVAZsxl0MRgGTJEmQBFcNTphYh9decYSb74=
github.com/yuin/goldmark v1.3.3/go.mod h1:mwnBkeHKe2W/ZEtQ+71ViKU8L12m81fl3OWwC1Zlc8k=
github.com/yuin/goldmark v1.4.5/go.mod h1:rmuwmfZ0+bvzB24eSC//bk1R1Zp3hM0OXYv/G2LIilg=
github.com/yuin/goldmark v1.5.2/go.mod h1:6yULJ656Px+3vBD8DxQVa3kxgyrAnzto9xy5taEt/CY=
github.com/yuin/goldmark v1.5.4 h1:2uY/xC0roWy8IBEGLgB1ywIoEJFGmRrX21YQcvGZzjU=
github.com/yuin/goldmark v1.5.4/go.mod h1:6yULJ656Px+3vBD8DxQVa3kxgyrAnzto9xy5taEt/CY=
github.com/yuin/goldmark-highlighting v0.0.0-20220208100518-594be1970594 h1:yHfZyN55+5dp1wG7wDKv8HQ044moxkyGq12KFFMFDxg=
github.com/yuin/goldmark-highlighting v0.0.0-20220208100518-594be1970594/go.mod h1:U9ihbh+1ZN7fR5Se3daSPoz1CGF9IYtSvWwVQtnzGHU=
github.com/yuin/goldmark-meta v1.1.0 h1:pWw+JLHGZe8Rk0EGsMVssiNb/AaPMHfSRszZeUeiOUc=
github.com/yuin/goldmark-meta v1.1.0/go.mod h1:U4spWENafuA7Zyg+Lj5RqK/MF+ovMYtBvXi1lBb2VP0=
go.abhg.dev/goldmark/mermaid v0.4.0 h1:yqwaYvNFbKwh9JByKzN0eDpxrUoYe8NUJvtSKY94S5M=
go.abhg.dev/goldmark/mermaid v0.4.0/go.mod h1:L5SiQ7PedPuZY0+zaPoJ5ZnDitIYS0Obi5w7Pf02tPY=
go.etcd.io/bbolt v1.3.7 h1:j+zJOnnEjF/kyHlDDgGnVL/AIqIJPq8UoB2GSNfkUfQ=
go.etcd.io/bbolt v1.3.7/go.mod h1:N9Mkw9X8x5fupy0IKsmuqVtoGDyxsaDlbk4Rd05IAQw=
golang.org/x/sys v0.0.0-20220520151302-bc2c85ada10a/go.mod h1:oPkhp1MJrh7nUepCBck5+mAzfO9JrbApNNgaTdGDITg=
golang.org/x/sys v0.9.0 h1:KS/R3tvhPqvJvwcKfnBHJwwthS11LRhmM5D59eEXa0s=
golang.org/x/sys v0.9.0/go.mod h1:oPkhp1MJrh7nUepCBck5+mAzfO9JrbApNNgaTdGDITg=
golang.org/x/xerrors v0.0.0-20191204190536-9bdfabe68543/go.mod h1:I/5z698sn9Ka8TeJc9MKroUUfqBBauWjQqLJ2OPfmY0=
google.golang.org/protobuf v1.26.0-rc.1/go.mod h1:jlhhOSvTdKEhbULTjvd4ARK9grFBp09yW+WbY/TyQbw=
google.golang.org/protobuf v1.26.0/go.mod h1:9q0QmTI4eRPtz6boOQmLYwt+qCgq0jsYwAQnmE0givc=
google.golang.org/protobuf v1.30.0 h1:kPPoIgf3TsEvrm0PFe15JQ+570QVxYzEvvHqChK+cng=
google.golang.org/protobuf v1.30.0/go.mod h1:HV8QOd/L58Z+nl8r43ehVNZIU/HEI6OcFqwMG9pJV4I=
gopkg.in/check.v1 v0.0.0-20161208181325-20d25e280405 h1:yhCVgyC4o1eVCa2tZl7eS0r+SDo693bJlVdllGtEeKM=
gopkg.in/check.v1 v0.0.0-20161208181325-20d25e280405/go.mod h1:Co6ibVJAznAaIkqp8huTwlJQCZ016jof/cbN4VW5Yz0=
gopkg.in/yaml.v2 v2.4.0 h1:D8xgwECY7CYvx+Y2n4sBz93Jn9JRvxdiyyo8CTfuKaY=
gopkg.in/yaml.v2 v2.4.0/go.mod h1:RDklbk79AGWmwhnvt/jBztapEOGDOx6ZbXqjP6csGnQ=
gopkg.in/yaml.v3 v3.0.0-20200313102051-9f266ea9e77c/go.mod h1:K4uyk7z7BCEPqu6E+C64Yfv1cQ7kz7rIZviUmN+EgEM=
gopkg.in/yaml.v3 v3.0.1 h1:fxVm/GzAzEWqLHuvctI91KS9hhNmmWOoWu0XTYJS7CA=
gopkg.in/yaml.v3 v3.0.1/go.mod h1:K4uyk7z7BCEPqu6E+C64Yfv1cQ7kz7rIZviUmN+EgEM=
